
Microsoft Visual Studio Solution File, Format Version 12.00
# Visual Studio Version 17
VisualStudioVersion = 17.5.33424.131
MinimumVisualStudioVersion = 10.0.40219.1
Project("{2150E333-8FDC-42A3-9474-1A3956D46DE8}") = "Services", "Services", "{B922F117-F2ED-48E4-B989-C499C595D0F7}"
EndProject
Project("{2150E333-8FDC-42A3-9474-1A3956D46DE8}") = "GBorghiCustomService", "GBorghiCustomService", "{98BDF166-101F-4B09-AD02-C2D6F211365F}"
EndProject
Project("{9A19103F-16F7-4668-BE54-9A1E7A4F7556}") = "Reply.Brick.GBorghiCustomService.API", "Reply.Brick.GBorghiCustomService.API\Reply.Brick.GBorghiCustomService.API.csproj", "{38C3F438-67EB-4CF0-A843-BAA808897DC0}"
	ProjectSection(ProjectDependencies) = postProject
		{27CE82C1-355A-4DAC-B59B-0466890E194B} = {27CE82C1-355A-4DAC-B59B-0466890E194B}
	EndProjectSection
EndProject
Project("{9A19103F-16F7-4668-BE54-9A1E7A4F7556}") = "Reply.Brick.GBorghiCustomService.Service", "Reply.Brick.GBorghiCustomService.Service\Reply.Brick.GBorghiCustomService.Service.csproj", "{27CE82C1-355A-4DAC-B59B-0466890E194B}"
	ProjectSection(ProjectDependencies) = postProject
		{AE96812A-B47F-4B9F-AD61-6C2E20B6DA85} = {AE96812A-B47F-4B9F-AD61-6C2E20B6DA85}
		{6D23FED3-28F3-4A9C-B8FE-23983F927223} = {6D23FED3-28F3-4A9C-B8FE-23983F927223}
	EndProjectSection
EndProject
Project("{9A19103F-16F7-4668-BE54-9A1E7A4F7556}") = "Reply.Brick.GBorghiCustomService.SQLStorage", "Reply.Brick.GBorghiCustomService.SQLStorage\Reply.Brick.GBorghiCustomService.SQLStorage.csproj", "{6D23FED3-28F3-4A9C-B8FE-23983F927223}"
	ProjectSection(ProjectDependencies) = postProject
		{AE96812A-B47F-4B9F-AD61-6C2E20B6DA85} = {AE96812A-B47F-4B9F-AD61-6C2E20B6DA85}
	EndProjectSection
EndProject
Project("{9A19103F-16F7-4668-BE54-9A1E7A4F7556}") = "Reply.Brick.GBorghiCustomService.DTO", "Reply.Brick.GBorghiCustomService.DTO\Reply.Brick.GBorghiCustomService.DTO.csproj", "{AE96812A-B47F-4B9F-AD61-6C2E20B6DA85}"
EndProject
Global
	GlobalSection(SolutionConfigurationPlatforms) = preSolution
		DB_AIO_AUTOMATED_TESTS|Any CPU = DB_AIO_AUTOMATED_TESTS|Any CPU
		DB_ALL_AT|Any CPU = DB_ALL_AT|Any CPU
		DB_ALL_COMPARE|Any CPU = DB_ALL_COMPARE|Any CPU
		DB_ALL_DEV|Any CPU = DB_ALL_DEV|Any CPU
		DB_ALL_IN_ONE_DEV|Any CPU = DB_ALL_IN_ONE_DEV|Any CPU
		DB_ALL_TEKSID_AT|Any CPU = DB_ALL_TEKSID_AT|Any CPU
		DB_ALL_TEKSID_COMPARE|Any CPU = DB_ALL_TEKSID_COMPARE|Any CPU
		Debug|Any CPU = Debug|Any CPU
		Release|Any CPU = Release|Any CPU
	EndGlobalSection
	GlobalSection(ProjectConfigurationPlatforms) = postSolution
		{38C3F438-67EB-4CF0-A843-BAA808897DC0}.DB_AIO_AUTOMATED_TESTS|Any CPU.ActiveCfg = DB_AIO_AUTOMATED_TESTS|Any CPU
		{38C3F438-67EB-4CF0-A843-BAA808897DC0}.DB_AIO_AUTOMATED_TESTS|Any CPU.Build.0 = DB_AIO_AUTOMATED_TESTS|Any CPU
		{38C3F438-67EB-4CF0-A843-BAA808897DC0}.DB_ALL_AT|Any CPU.ActiveCfg = DB_ALL_AT|Any CPU
		{38C3F438-67EB-4CF0-A843-BAA808897DC0}.DB_ALL_COMPARE|Any CPU.ActiveCfg = DB_ALL_COMPARE|Any CPU
		{38C3F438-67EB-4CF0-A843-BAA808897DC0}.DB_ALL_DEV|Any CPU.ActiveCfg = DB_ALL_DEV|Any CPU
		{38C3F438-67EB-4CF0-A843-BAA808897DC0}.DB_ALL_IN_ONE_DEV|Any CPU.ActiveCfg = DB_ALL_IN_ONE_DEV|Any CPU
		{38C3F438-67EB-4CF0-A843-BAA808897DC0}.DB_ALL_IN_ONE_DEV|Any CPU.Build.0 = DB_ALL_IN_ONE_DEV|Any CPU
		{38C3F438-67EB-4CF0-A843-BAA808897DC0}.DB_ALL_TEKSID_AT|Any CPU.ActiveCfg = DB_ALL_TEKSID_AT|Any CPU
		{38C3F438-67EB-4CF0-A843-BAA808897DC0}.DB_ALL_TEKSID_COMPARE|Any CPU.ActiveCfg = DB_ALL_TEKSID_COMPARE|Any CPU
		{38C3F438-67EB-4CF0-A843-BAA808897DC0}.Debug|Any CPU.ActiveCfg = Debug|Any CPU
		{38C3F438-67EB-4CF0-A843-BAA808897DC0}.Debug|Any CPU.Build.0 = Debug|Any CPU
		{38C3F438-67EB-4CF0-A843-BAA808897DC0}.Release|Any CPU.ActiveCfg = Release|Any CPU
		{38C3F438-67EB-4CF0-A843-BAA808897DC0}.Release|Any CPU.Build.0 = Release|Any CPU
		{27CE82C1-355A-4DAC-B59B-0466890E194B}.DB_AIO_AUTOMATED_TESTS|Any CPU.ActiveCfg = DB_AIO_AUTOMATED_TESTS|Any CPU
		{27CE82C1-355A-4DAC-B59B-0466890E194B}.DB_AIO_AUTOMATED_TESTS|Any CPU.Build.0 = DB_AIO_AUTOMATED_TESTS|Any CPU
		{27CE82C1-355A-4DAC-B59B-0466890E194B}.DB_ALL_AT|Any CPU.ActiveCfg = DB_ALL_AT|Any CPU
		{27CE82C1-355A-4DAC-B59B-0466890E194B}.DB_ALL_COMPARE|Any CPU.ActiveCfg = DB_ALL_COMPARE|Any CPU
		{27CE82C1-355A-4DAC-B59B-0466890E194B}.DB_ALL_DEV|Any CPU.ActiveCfg = DB_ALL_DEV|Any CPU
		{27CE82C1-355A-4DAC-B59B-0466890E194B}.DB_ALL_IN_ONE_DEV|Any CPU.ActiveCfg = DB_ALL_IN_ONE_DEV|Any CPU
		{27CE82C1-355A-4DAC-B59B-0466890E194B}.DB_ALL_IN_ONE_DEV|Any CPU.Build.0 = DB_ALL_IN_ONE_DEV|Any CPU
		{27CE82C1-355A-4DAC-B59B-0466890E194B}.DB_ALL_TEKSID_AT|Any CPU.ActiveCfg = DB_ALL_TEKSID_AT|Any CPU
		{27CE82C1-355A-4DAC-B59B-0466890E194B}.DB_ALL_TEKSID_COMPARE|Any CPU.ActiveCfg = DB_ALL_TEKSID_COMPARE|Any CPU
		{27CE82C1-355A-4DAC-B59B-0466890E194B}.Debug|Any CPU.ActiveCfg = Debug|Any CPU
		{27CE82C1-355A-4DAC-B59B-0466890E194B}.Debug|Any CPU.Build.0 = Debug|Any CPU
		{27CE82C1-355A-4DAC-B59B-0466890E194B}.Release|Any CPU.ActiveCfg = Release|Any CPU
		{27CE82C1-355A-4DAC-B59B-0466890E194B}.Release|Any CPU.Build.0 = Release|Any CPU
		{6D23FED3-28F3-4A9C-B8FE-23983F927223}.DB_AIO_AUTOMATED_TESTS|Any CPU.ActiveCfg = DB_AIO_AUTOMATED_TESTS|Any CPU
		{6D23FED3-28F3-4A9C-B8FE-23983F927223}.DB_AIO_AUTOMATED_TESTS|Any CPU.Build.0 = DB_AIO_AUTOMATED_TESTS|Any CPU
		{6D23FED3-28F3-4A9C-B8FE-23983F927223}.DB_ALL_AT|Any CPU.ActiveCfg = DB_ALL_AT|Any CPU
		{6D23FED3-28F3-4A9C-B8FE-23983F927223}.DB_ALL_COMPARE|Any CPU.ActiveCfg = DB_ALL_COMPARE|Any CPU
		{6D23FED3-28F3-4A9C-B8FE-23983F927223}.DB_ALL_DEV|Any CPU.ActiveCfg = DB_ALL_DEV|Any CPU
		{6D23FED3-28F3-4A9C-B8FE-23983F927223}.DB_ALL_IN_ONE_DEV|Any CPU.ActiveCfg = DB_ALL_IN_ONE_DEV|Any CPU
		{6D23FED3-28F3-4A9C-B8FE-23983F927223}.DB_ALL_IN_ONE_DEV|Any CPU.Build.0 = DB_ALL_IN_ONE_DEV|Any CPU
		{6D23FED3-28F3-4A9C-B8FE-23983F927223}.DB_ALL_TEKSID_AT|Any CPU.ActiveCfg = DB_ALL_TEKSID_AT|Any CPU
		{6D23FED3-28F3-4A9C-B8FE-23983F927223}.DB_ALL_TEKSID_COMPARE|Any CPU.ActiveCfg = DB_ALL_TEKSID_COMPARE|Any CPU
		{6D23FED3-28F3-4A9C-B8FE-23983F927223}.Debug|Any CPU.ActiveCfg = Debug|Any CPU
		{6D23FED3-28F3-4A9C-B8FE-23983F927223}.Debug|Any CPU.Build.0 = Debug|Any CPU
		{6D23FED3-28F3-4A9C-B8FE-23983F927223}.Release|Any CPU.ActiveCfg = Release|Any CPU
		{6D23FED3-28F3-4A9C-B8FE-23983F927223}.Release|Any CPU.Build.0 = Release|Any CPU
		{AE96812A-B47F-4B9F-AD61-6C2E20B6DA85}.DB_AIO_AUTOMATED_TESTS|Any CPU.ActiveCfg = DB_AIO_AUTOMATED_TESTS|Any CPU
		{AE96812A-B47F-4B9F-AD61-6C2E20B6DA85}.DB_AIO_AUTOMATED_TESTS|Any CPU.Build.0 = DB_AIO_AUTOMATED_TESTS|Any CPU
		{AE96812A-B47F-4B9F-AD61-6C2E20B6DA85}.DB_ALL_AT|Any CPU.ActiveCfg = DB_ALL_AT|Any CPU
		{AE96812A-B47F-4B9F-AD61-6C2E20B6DA85}.DB_ALL_COMPARE|Any CPU.ActiveCfg = DB_ALL_COMPARE|Any CPU
		{AE96812A-B47F-4B9F-AD61-6C2E20B6DA85}.DB_ALL_DEV|Any CPU.ActiveCfg = DB_ALL_DEV|Any CPU
		{AE96812A-B47F-4B9F-AD61-6C2E20B6DA85}.DB_ALL_IN_ONE_DEV|Any CPU.ActiveCfg = DB_ALL_IN_ONE_DEV|Any CPU
		{AE96812A-B47F-4B9F-AD61-6C2E20B6DA85}.DB_ALL_IN_ONE_DEV|Any CPU.Build.0 = DB_ALL_IN_ONE_DEV|Any CPU
		{AE96812A-B47F-4B9F-AD61-6C2E20B6DA85}.DB_ALL_TEKSID_AT|Any CPU.ActiveCfg = DB_ALL_TEKSID_AT|Any CPU
		{AE96812A-B47F-4B9F-AD61-6C2E20B6DA85}.DB_ALL_TEKSID_COMPARE|Any CPU.ActiveCfg = DB_ALL_TEKSID_COMPARE|Any CPU
		{AE96812A-B47F-4B9F-AD61-6C2E20B6DA85}.Debug|Any CPU.ActiveCfg = Debug|Any CPU
		{AE96812A-B47F-4B9F-AD61-6C2E20B6DA85}.Debug|Any CPU.Build.0 = Debug|Any CPU
		{AE96812A-B47F-4B9F-AD61-6C2E20B6DA85}.Release|Any CPU.ActiveCfg = Release|Any CPU
		{AE96812A-B47F-4B9F-AD61-6C2E20B6DA85}.Release|Any CPU.Build.0 = Release|Any CPU
	EndGlobalSection
	GlobalSection(SolutionProperties) = preSolution
		HideSolutionNode = FALSE
	EndGlobalSection
	GlobalSection(NestedProjects) = preSolution
		{98BDF166-101F-4B09-AD02-C2D6F211365F} = {B922F117-F2ED-48E4-B989-C499C595D0F7}
		{38C3F438-67EB-4CF0-A843-BAA808897DC0} = {98BDF166-101F-4B09-AD02-C2D6F211365F}
		{27CE82C1-355A-4DAC-B59B-0466890E194B} = {98BDF166-101F-4B09-AD02-C2D6F211365F}
		{6D23FED3-28F3-4A9C-B8FE-23983F927223} = {98BDF166-101F-4B09-AD02-C2D6F211365F}
		{AE96812A-B47F-4B9F-AD61-6C2E20B6DA85} = {98BDF166-101F-4B09-AD02-C2D6F211365F}
	EndGlobalSection
	GlobalSection(ExtensibilityGlobals) = postSolution
		SolutionGuid = {8DE3A1DF-EDD6-445B-B3A9-C9A9E88832DD}
	EndGlobalSection
EndGlobal
